{
  "nodes": {
    "flake-utils": {
      "inputs": {
        "systems": [
          "nix-yazi-plugins",
          "systems"
        ]
      },
      "locked": {
        "lastModified": 1731533236,
        "narHash": "sha256-l0KFg5HjrsfsO/JpG+r7fRrqm12kzFHyUHqHCVpMMbI=",
        "owner": "numtide",
        "repo": "flake-utils",
        "rev": "11707dc2f618dd54ca8739b309ec4fc024de578b",
        "type": "github"
      },
      "original": {
        "owner": "numtide",
        "repo": "flake-utils",
        "type": "github"
      }
    },
    "flake-utils-plus": {
      "inputs": {
        "flake-utils": [
          "nix-yazi-plugins",
          "flake-utils"
        ]
      },
      "locked": {
        "lastModified": 1696281284,
        "narHash": "sha256-xcmtTmoiiAOSk4abifbtqVZk0iwBcqJfg47iUbkwhcE=",
        "owner": "gytis-ivaskevicius",
        "repo": "flake-utils-plus",
        "rev": "6cf1e312fb259693c4930d07ca3cbe1d07ef4a48",
        "type": "github"
      },
      "original": {
        "owner": "gytis-ivaskevicius",
        "ref": "v1.4.0",
        "repo": "flake-utils-plus",
        "type": "github"
      }
    },
    "haumea": {
      "inputs": {
        "nixpkgs": [
          "nix-yazi-plugins",
          "nixpkgs"
        ]
      },
      "locked": {
        "lastModified": 1685133229,
        "narHash": "sha256-FePm/Gi9PBSNwiDFq3N+DWdfxFq0UKsVVTJS3cQPn94=",
        "owner": "nix-community",
        "repo": "haumea",
        "rev": "34dd58385092a23018748b50f9b23de6266dffc2",
        "type": "github"
      },
      "original": {
        "owner": "nix-community",
        "ref": "v0.2.2",
        "repo": "haumea",
        "type": "github"
      }
    },
    "home-manager": {
      "inputs": {
        "nixpkgs": [
          "nixpkgs"
        ]
      },
      "locked": {
        "lastModified": 1741531001,
        "narHash": "sha256-IzhBDZkoaD/vEBs4utA9hmvtxecCofxkP809yGC/LyY=",
        "owner": "nix-community",
        "repo": "home-manager",
        "rev": "cf47e7ea2182c5638fdd1b42de329cc7d185cf8b",
        "type": "github"
      },
      "original": {
        "owner": "nix-community",
        "repo": "home-manager",
        "type": "github"
      }
    },
    "nix-yazi-plugins": {
      "inputs": {
        "flake-utils": "flake-utils",
        "flake-utils-plus": "flake-utils-plus",
        "haumea": "haumea",
        "nixpkgs": [
          "nixpkgs"
        ],
        "systems": "systems"
      },
      "locked": {
        "lastModified": 1737417368,
        "narHash": "sha256-JExM3nZwg07iMhXDQSIXc5KmVqbBRA4IfNgs1gFmneg=",
        "owner": "lordkekz",
        "repo": "nix-yazi-plugins",
        "rev": "c251d3db84f3a10f95993112132fe5ffc37a279f",
        "type": "github"
      },
      "original": {
        "owner": "lordkekz",
        "repo": "nix-yazi-plugins",
        "type": "github"
      }
    },
    "nixpkgs": {
      "locked": {
        "lastModified": 1741379970,
        "narHash": "sha256-Wh7esNh7G24qYleLvgOSY/7HlDUzWaL/n4qzlBePpiw=",
        "owner": "nixos",
        "repo": "nixpkgs",
        "rev": "36fd87baa9083f34f7f5027900b62ee6d09b1f2f",
        "type": "github"
      },
      "original": {
        "owner": "nixos",
        "ref": "nixos-unstable",
        "repo": "nixpkgs",
        "type": "github"
      }
    },
    "plasma-manager": {
      "inputs": {
        "home-manager": [
          "home-manager"
        ],
        "nixpkgs": [
          "nixpkgs"
        ]
      },
      "locked": {
        "lastModified": 1740569341,
        "narHash": "sha256-WV8nY2IOfWdzBF5syVgCcgOchg/qQtpYh6LECYS9XkY=",
        "owner": "nix-community",
        "repo": "plasma-manager",
        "rev": "5eeb0172fb74392053b66a8149e61b5e191b2845",
        "type": "github"
      },
      "original": {
        "owner": "nix-community",
        "repo": "plasma-manager",
        "type": "github"
      }
    },
    "root": {
      "inputs": {
        "home-manager": "home-manager",
        "nix-yazi-plugins": "nix-yazi-plugins",
        "nixpkgs": "nixpkgs",
        "plasma-manager": "plasma-manager",
        "sops-nix": "sops-nix"
      }
    },
    "sops-nix": {
      "inputs": {
        "nixpkgs": [
          "nixpkgs"
        ]
      },
      "locked": {
        "lastModified": 1741043164,
        "narHash": "sha256-9lfmSZLz6eq9Ygr6cCmvQiiBEaPb54pUBcjvbEMPORc=",
        "owner": "Mic92",
        "repo": "sops-nix",
        "rev": "3f2412536eeece783f0d0ad3861417f347219f4d",
        "type": "github"
      },
      "original": {
        "owner": "Mic92",
        "repo": "sops-nix",
        "type": "github"
      }
    },
    "systems": {
      "locked": {
        "lastModified": 1689347949,
        "narHash": "sha256-12tWmuL2zgBgZkdoB6qXZsgJEH9LR3oUgpaQq2RbI80=",
        "owner": "nix-systems",
        "repo": "default-linux",
        "rev": "31732fcf5e8fea42e59c2488ad31a0e651500f68",
        "type": "github"
      },
      "original": {
        "owner": "nix-systems",
        "repo": "default-linux",
        "type": "github"
      }
    }
  },
  "root": "root",
  "version": 7
}
