{
  "nodes": {
    "brew-src": {
      "flake": false,
      "locked": {
        "lastModified": 1753461463,
        "narHash": "sha256-kGc7pRH0diLzKmOHsEFA8sZ9NJpgT+tqxAMsuqNd5Po=",
        "owner": "Homebrew",
        "repo": "brew",
        "rev": "4d14be89e99a45181c18e96a5f19a5b43343cc0f",
        "type": "github"
      },
      "original": {
        "owner": "Homebrew",
        "ref": "4.5.13",
        "repo": "brew",
        "type": "github"
      }
    },
    "bzmenu": {
      "inputs": {
        "flake-utils": "flake-utils",
        "nixpkgs": "nixpkgs",
        "rust-overlay": "rust-overlay"
      },
      "locked": {
        "lastModified": 1754430949,
        "narHash": "sha256-ba4CtYSlRBxvyTErinGUDRen2QLtpH9jOEC8ntNeb04=",
        "owner": "e-tho",
        "repo": "bzmenu",
        "rev": "992987503dfa4f6f043fbe8c16b2d8d9f7903e92",
        "type": "github"
      },
      "original": {
        "owner": "e-tho",
        "repo": "bzmenu",
        "type": "github"
      }
    },
    "cl-nix-lite": {
      "locked": {
        "lastModified": 1728174978,
        "narHash": "sha256-Grqqg+xuicANB85j0gNEXxi9SBKY7bzGeTuyi95eGcY=",
        "owner": "hraban",
        "repo": "cl-nix-lite",
        "rev": "31cfe6275c341eb3120a99f4b1c8516c49a29d87",
        "type": "github"
      },
      "original": {
        "owner": "hraban",
        "repo": "cl-nix-lite",
        "type": "github"
      }
    },
    "flake-compat": {
      "flake": false,
      "locked": {
        "lastModified": 1730663653,
        "narHash": "sha256-kFCUWettiFHDIqxCWWQ9qY8pVh+Lj+XL0Giyy/kdomg=",
        "owner": "hraban",
        "repo": "flake-compat",
        "rev": "e5b16676185cb7548581c852f51ce7f3a49bba5e",
        "type": "github"
      },
      "original": {
        "owner": "hraban",
        "ref": "fixed-output",
        "repo": "flake-compat",
        "type": "github"
      }
    },
    "flake-utils": {
      "inputs": {
        "systems": "systems"
      },
      "locked": {
        "lastModified": 1731533236,
        "narHash": "sha256-l0KFg5HjrsfsO/JpG+r7fRrqm12kzFHyUHqHCVpMMbI=",
        "owner": "numtide",
        "repo": "flake-utils",
        "rev": "11707dc2f618dd54ca8739b309ec4fc024de578b",
        "type": "github"
      },
      "original": {
        "owner": "numtide",
        "repo": "flake-utils",
        "type": "github"
      }
    },
    "flake-utils-plus": {
      "inputs": {
        "flake-utils": [
          "nix-yazi-plugins",
          "flake-utils"
        ]
      },
      "locked": {
        "lastModified": 1696281284,
        "narHash": "sha256-xcmtTmoiiAOSk4abifbtqVZk0iwBcqJfg47iUbkwhcE=",
        "owner": "gytis-ivaskevicius",
        "repo": "flake-utils-plus",
        "rev": "6cf1e312fb259693c4930d07ca3cbe1d07ef4a48",
        "type": "github"
      },
      "original": {
        "owner": "gytis-ivaskevicius",
        "ref": "v1.4.0",
        "repo": "flake-utils-plus",
        "type": "github"
      }
    },
    "flake-utils_2": {
      "inputs": {
        "systems": "systems_2"
      },
      "locked": {
        "lastModified": 1731533236,
        "narHash": "sha256-l0KFg5HjrsfsO/JpG+r7fRrqm12kzFHyUHqHCVpMMbI=",
        "owner": "numtide",
        "repo": "flake-utils",
        "rev": "11707dc2f618dd54ca8739b309ec4fc024de578b",
        "type": "github"
      },
      "original": {
        "owner": "numtide",
        "repo": "flake-utils",
        "type": "github"
      }
    },
    "flake-utils_3": {
      "inputs": {
        "systems": [
          "mac-app-util",
          "systems"
        ]
      },
      "locked": {
        "lastModified": 1731533236,
        "narHash": "sha256-l0KFg5HjrsfsO/JpG+r7fRrqm12kzFHyUHqHCVpMMbI=",
        "owner": "numtide",
        "repo": "flake-utils",
        "rev": "11707dc2f618dd54ca8739b309ec4fc024de578b",
        "type": "github"
      },
      "original": {
        "id": "flake-utils",
        "type": "indirect"
      }
    },
    "flake-utils_4": {
      "inputs": {
        "systems": "systems_4"
      },
      "locked": {
        "lastModified": 1731533236,
        "narHash": "sha256-l0KFg5HjrsfsO/JpG+r7fRrqm12kzFHyUHqHCVpMMbI=",
        "owner": "numtide",
        "repo": "flake-utils",
        "rev": "11707dc2f618dd54ca8739b309ec4fc024de578b",
        "type": "github"
      },
      "original": {
        "owner": "numtide",
        "repo": "flake-utils",
        "type": "github"
      }
    },
    "flake-utils_5": {
      "inputs": {
        "systems": [
          "nix-yazi-plugins",
          "systems"
        ]
      },
      "locked": {
        "lastModified": 1731533236,
        "narHash": "sha256-l0KFg5HjrsfsO/JpG+r7fRrqm12kzFHyUHqHCVpMMbI=",
        "owner": "numtide",
        "repo": "flake-utils",
        "rev": "11707dc2f618dd54ca8739b309ec4fc024de578b",
        "type": "github"
      },
      "original": {
        "owner": "numtide",
        "repo": "flake-utils",
        "type": "github"
      }
    },
    "haumea": {
      "inputs": {
        "nixpkgs": [
          "nix-yazi-plugins",
          "nixpkgs"
        ]
      },
      "locked": {
        "lastModified": 1685133229,
        "narHash": "sha256-FePm/Gi9PBSNwiDFq3N+DWdfxFq0UKsVVTJS3cQPn94=",
        "owner": "nix-community",
        "repo": "haumea",
        "rev": "34dd58385092a23018748b50f9b23de6266dffc2",
        "type": "github"
      },
      "original": {
        "owner": "nix-community",
        "ref": "v0.2.2",
        "repo": "haumea",
        "type": "github"
      }
    },
    "home-manager": {
      "inputs": {
        "nixpkgs": [
          "nixpkgs"
        ]
      },
      "locked": {
        "lastModified": 1754756528,
        "narHash": "sha256-W1jYKMetZSOHP5m2Z5Wokdj/ct17swPHs+MiY2WT1HQ=",
        "owner": "nix-community",
        "repo": "home-manager",
        "rev": "3ec1cd9a0703fbd55d865b7fd2b07d08374f0355",
        "type": "github"
      },
      "original": {
        "owner": "nix-community",
        "repo": "home-manager",
        "type": "github"
      }
    },
    "homebrew-bundle": {
      "flake": false,
      "locked": {
        "lastModified": 1745335228,
        "narHash": "sha256-TIKR2UgtyUmHLNZp255/vLs+1I10hXe+sciMEbAGFwE=",
        "owner": "homebrew",
        "repo": "homebrew-bundle",
        "rev": "a3265c84b232e13048ecbf6fc18a2eedfadbeb08",
        "type": "github"
      },
      "original": {
        "owner": "homebrew",
        "repo": "homebrew-bundle",
        "type": "github"
      }
    },
    "homebrew-cask": {
      "flake": false,
      "locked": {
        "lastModified": 1754835106,
        "narHash": "sha256-AuUehTe9yVhyJXSsNlh9F0wj1LVSvmC1nMF8fGE3Htg=",
        "owner": "homebrew",
        "repo": "homebrew-cask",
        "rev": "2c398b590e2e09a9982cd9cfeba5fe9fe170c34e",
        "type": "github"
      },
      "original": {
        "owner": "homebrew",
        "repo": "homebrew-cask",
        "type": "github"
      }
    },
    "homebrew-core": {
      "flake": false,
      "locked": {
        "lastModified": 1754836222,
        "narHash": "sha256-n9HS6S52ZtdOjlnXnrri/1j4eDiSx89DzEn9pBG6kdo=",
        "owner": "homebrew",
        "repo": "homebrew-core",
        "rev": "f87919efa758fd99611a9d84a1e647ef84dfc1ba",
        "type": "github"
      },
      "original": {
        "owner": "homebrew",
        "repo": "homebrew-core",
        "type": "github"
      }
    },
    "iwmenu": {
      "inputs": {
        "flake-utils": "flake-utils_2",
        "nixpkgs": "nixpkgs_3",
        "rust-overlay": "rust-overlay_2"
      },
      "locked": {
        "lastModified": 1754430829,
        "narHash": "sha256-LeA4dSx8QdPWrlj7oB5KA6Uj4zwzjKFEOCjmt+63xNI=",
        "owner": "e-tho",
        "repo": "iwmenu",
        "rev": "caabb0a8ad22b5f80f640caa6f44b7312ac39f2e",
        "type": "github"
      },
      "original": {
        "owner": "e-tho",
        "repo": "iwmenu",
        "type": "github"
      }
    },
    "mac-app-util": {
      "inputs": {
        "cl-nix-lite": "cl-nix-lite",
        "flake-compat": "flake-compat",
        "flake-utils": "flake-utils_3",
        "nixpkgs": "nixpkgs_5",
        "systems": "systems_3"
      },
      "locked": {
        "lastModified": 1742156590,
        "narHash": "sha256-aTM/2CrNN5utdVEQGsOA+kl4UozgH7VPLBQL5OXtBrg=",
        "owner": "hraban",
        "repo": "mac-app-util",
        "rev": "341ede93f290df7957047682482c298e47291b4d",
        "type": "github"
      },
      "original": {
        "owner": "hraban",
        "repo": "mac-app-util",
        "type": "github"
      }
    },
    "nix-darwin": {
      "inputs": {
        "nixpkgs": [
          "nixpkgs"
        ]
      },
      "locked": {
        "lastModified": 1751313918,
        "narHash": "sha256-HsJM3XLa43WpG+665aGEh8iS8AfEwOIQWk3Mke3e7nk=",
        "owner": "nix-darwin",
        "repo": "nix-darwin",
        "rev": "e04a388232d9a6ba56967ce5b53a8a6f713cdfcf",
        "type": "github"
      },
      "original": {
        "owner": "nix-darwin",
        "ref": "master",
        "repo": "nix-darwin",
        "type": "github"
      }
    },
    "nix-homebrew": {
      "inputs": {
        "brew-src": "brew-src"
      },
      "locked": {
        "lastModified": 1754250993,
        "narHash": "sha256-MEin+qoQKtFC1b0f4tnQ+Z82BQWSCgh6Ef7rpmH9gig=",
        "owner": "zhaofengli-wip",
        "repo": "nix-homebrew",
        "rev": "314d057294e79bc2596972126b84c6f9f144499a",
        "type": "github"
      },
      "original": {
        "owner": "zhaofengli-wip",
        "repo": "nix-homebrew",
        "type": "github"
      }
    },
    "nix-vscode-extensions": {
      "inputs": {
        "flake-utils": "flake-utils_4",
        "nixpkgs": "nixpkgs_6"
      },
      "locked": {
        "lastModified": 1754792811,
        "narHash": "sha256-AykbHn8kgpILEIexYVBJBC/zD3E+Fh6fAY1j1+S51fw=",
        "owner": "nix-community",
        "repo": "nix-vscode-extensions",
        "rev": "9d8125d53aa4a329ed82a6856831b085cb0f298d",
        "type": "github"
      },
      "original": {
        "owner": "nix-community",
        "repo": "nix-vscode-extensions",
        "type": "github"
      }
    },
    "nix-yazi-plugins": {
      "inputs": {
        "flake-utils": "flake-utils_5",
        "flake-utils-plus": "flake-utils-plus",
        "haumea": "haumea",
        "nixpkgs": [
          "nixpkgs"
        ],
        "systems": "systems_5"
      },
      "locked": {
        "lastModified": 1754699253,
        "narHash": "sha256-hcQzqRxXqzCHchmg3N45io3AqDQx5G32AU1Wh5cCJHM=",
        "owner": "lordkekz",
        "repo": "nix-yazi-plugins",
        "rev": "ca4c711bb63c989aafee3173634abb486a7ea2bd",
        "type": "github"
      },
      "original": {
        "owner": "lordkekz",
        "repo": "nix-yazi-plugins",
        "type": "github"
      }
    },
    "nixpkgs": {
      "locked": {
        "lastModified": 1751271578,
        "narHash": "sha256-P/SQmKDu06x8yv7i0s8bvnnuJYkxVGBWLWHaU+tt4YY=",
        "owner": "NixOS",
        "repo": "nixpkgs",
        "rev": "3016b4b15d13f3089db8a41ef937b13a9e33a8df",
        "type": "github"
      },
      "original": {
        "owner": "NixOS",
        "ref": "nixos-unstable",
        "repo": "nixpkgs",
        "type": "github"
      }
    },
    "nixpkgs_2": {
      "locked": {
        "lastModified": 1744536153,
        "narHash": "sha256-awS2zRgF4uTwrOKwwiJcByDzDOdo3Q1rPZbiHQg/N38=",
        "owner": "NixOS",
        "repo": "nixpkgs",
        "rev": "18dd725c29603f582cf1900e0d25f9f1063dbf11",
        "type": "github"
      },
      "original": {
        "owner": "NixOS",
        "ref": "nixpkgs-unstable",
        "repo": "nixpkgs",
        "type": "github"
      }
    },
    "nixpkgs_3": {
      "locked": {
        "lastModified": 1751271578,
        "narHash": "sha256-P/SQmKDu06x8yv7i0s8bvnnuJYkxVGBWLWHaU+tt4YY=",
        "owner": "NixOS",
        "repo": "nixpkgs",
        "rev": "3016b4b15d13f3089db8a41ef937b13a9e33a8df",
        "type": "github"
      },
      "original": {
        "owner": "NixOS",
        "ref": "nixos-unstable",
        "repo": "nixpkgs",
        "type": "github"
      }
    },
    "nixpkgs_4": {
      "locked": {
        "lastModified": 1744536153,
        "narHash": "sha256-awS2zRgF4uTwrOKwwiJcByDzDOdo3Q1rPZbiHQg/N38=",
        "owner": "NixOS",
        "repo": "nixpkgs",
        "rev": "18dd725c29603f582cf1900e0d25f9f1063dbf11",
        "type": "github"
      },
      "original": {
        "owner": "NixOS",
        "ref": "nixpkgs-unstable",
        "repo": "nixpkgs",
        "type": "github"
      }
    },
    "nixpkgs_5": {
      "locked": {
        "lastModified": 1732617236,
        "narHash": "sha256-PYkz6U0bSEaEB1al7O1XsqVNeSNS+s3NVclJw7YC43w=",
        "owner": "NixOS",
        "repo": "nixpkgs",
        "rev": "af51545ec9a44eadf3fe3547610a5cdd882bc34e",
        "type": "github"
      },
      "original": {
        "owner": "NixOS",
        "repo": "nixpkgs",
        "rev": "af51545ec9a44eadf3fe3547610a5cdd882bc34e",
        "type": "github"
      }
    },
    "nixpkgs_6": {
      "locked": {
        "lastModified": 1744868846,
        "narHash": "sha256-5RJTdUHDmj12Qsv7XOhuospjAjATNiTMElplWnJE9Hs=",
        "owner": "NixOS",
        "repo": "nixpkgs",
        "rev": "ebe4301cbd8f81c4f8d3244b3632338bbeb6d49c",
        "type": "github"
      },
      "original": {
        "owner": "NixOS",
        "repo": "nixpkgs",
        "rev": "ebe4301cbd8f81c4f8d3244b3632338bbeb6d49c",
        "type": "github"
      }
    },
    "nixpkgs_7": {
      "locked": {
        "lastModified": 1754725699,
        "narHash": "sha256-iAcj9T/Y+3DBy2J0N+yF9XQQQ8IEb5swLFzs23CdP88=",
        "owner": "nixos",
        "repo": "nixpkgs",
        "rev": "85dbfc7aaf52ecb755f87e577ddbe6dbbdbc1054",
        "type": "github"
      },
      "original": {
        "owner": "nixos",
        "ref": "nixos-unstable",
        "repo": "nixpkgs",
        "type": "github"
      }
    },
    "plasma-manager": {
      "inputs": {
        "home-manager": [
          "home-manager"
        ],
        "nixpkgs": [
          "nixpkgs"
        ]
      },
      "locked": {
        "lastModified": 1754501628,
        "narHash": "sha256-FExJ54tVB5iu7Dh2tLcyCSWpaV+lmUzzWKZUkemwXvo=",
        "owner": "nix-community",
        "repo": "plasma-manager",
        "rev": "cca090f8115c4172b9aef6c5299ae784bdd5e133",
        "type": "github"
      },
      "original": {
        "owner": "nix-community",
        "repo": "plasma-manager",
        "type": "github"
      }
    },
    "root": {
      "inputs": {
        "bzmenu": "bzmenu",
        "home-manager": "home-manager",
        "homebrew-bundle": "homebrew-bundle",
        "homebrew-cask": "homebrew-cask",
        "homebrew-core": "homebrew-core",
        "iwmenu": "iwmenu",
        "mac-app-util": "mac-app-util",
        "nix-darwin": "nix-darwin",
        "nix-homebrew": "nix-homebrew",
        "nix-vscode-extensions": "nix-vscode-extensions",
        "nix-yazi-plugins": "nix-yazi-plugins",
        "nixpkgs": "nixpkgs_7",
        "plasma-manager": "plasma-manager",
        "sops-nix": "sops-nix"
      }
    },
    "rust-overlay": {
      "inputs": {
        "nixpkgs": "nixpkgs_2"
      },
      "locked": {
        "lastModified": 1751510438,
        "narHash": "sha256-m8PjOoyyCR4nhqtHEBP1tB/jF+gJYYguSZmUmVTEAQE=",
        "owner": "oxalica",
        "repo": "rust-overlay",
        "rev": "7f415261f298656f8164bd636c0dc05af4e95b6b",
        "type": "github"
      },
      "original": {
        "owner": "oxalica",
        "repo": "rust-overlay",
        "type": "github"
      }
    },
    "rust-overlay_2": {
      "inputs": {
        "nixpkgs": "nixpkgs_4"
      },
      "locked": {
        "lastModified": 1751423951,
        "narHash": "sha256-AowKhJGplXRkAngSvb+32598DTiI6LOzhAnzgvbCtYM=",
        "owner": "oxalica",
        "repo": "rust-overlay",
        "rev": "1684ed5b15859b655caf41b467d046e29a994d04",
        "type": "github"
      },
      "original": {
        "owner": "oxalica",
        "repo": "rust-overlay",
        "type": "github"
      }
    },
    "sops-nix": {
      "inputs": {
        "nixpkgs": [
          "nixpkgs"
        ]
      },
      "locked": {
        "lastModified": 1754328224,
        "narHash": "sha256-glPK8DF329/dXtosV7YSzRlF4n35WDjaVwdOMEoEXHA=",
        "owner": "Mic92",
        "repo": "sops-nix",
        "rev": "49021900e69812ba7ddb9e40f9170218a7eca9f4",
        "type": "github"
      },
      "original": {
        "owner": "Mic92",
        "repo": "sops-nix",
        "type": "github"
      }
    },
    "systems": {
      "locked": {
        "lastModified": 1681028828,
        "narHash": "sha256-Vy1rq5AaRuLzOxct8nz4T6wlgyUR7zLU309k9mBC768=",
        "owner": "nix-systems",
        "repo": "default",
        "rev": "da67096a3b9bf56a91d16901293e51ba5b49a27e",
        "type": "github"
      },
      "original": {
        "owner": "nix-systems",
        "repo": "default",
        "type": "github"
      }
    },
    "systems_2": {
      "locked": {
        "lastModified": 1681028828,
        "narHash": "sha256-Vy1rq5AaRuLzOxct8nz4T6wlgyUR7zLU309k9mBC768=",
        "owner": "nix-systems",
        "repo": "default",
        "rev": "da67096a3b9bf56a91d16901293e51ba5b49a27e",
        "type": "github"
      },
      "original": {
        "owner": "nix-systems",
        "repo": "default",
        "type": "github"
      }
    },
    "systems_3": {
      "locked": {
        "lastModified": 1689347925,
        "narHash": "sha256-ozenz5bFe1UUqOn7f60HRmgc01BgTGIKZ4Xl+HbocGQ=",
        "owner": "nix-systems",
        "repo": "default-darwin",
        "rev": "2235d7e6cc29ae99878133c95e9fe5e157661ffb",
        "type": "github"
      },
      "original": {
        "owner": "nix-systems",
        "repo": "default-darwin",
        "type": "github"
      }
    },
    "systems_4": {
      "locked": {
        "lastModified": 1681028828,
        "narHash": "sha256-Vy1rq5AaRuLzOxct8nz4T6wlgyUR7zLU309k9mBC768=",
        "owner": "nix-systems",
        "repo": "default",
        "rev": "da67096a3b9bf56a91d16901293e51ba5b49a27e",
        "type": "github"
      },
      "original": {
        "owner": "nix-systems",
        "repo": "default",
        "type": "github"
      }
    },
    "systems_5": {
      "locked": {
        "lastModified": 1681028828,
        "narHash": "sha256-Vy1rq5AaRuLzOxct8nz4T6wlgyUR7zLU309k9mBC768=",
        "owner": "nix-systems",
        "repo": "default",
        "rev": "da67096a3b9bf56a91d16901293e51ba5b49a27e",
        "type": "github"
      },
      "original": {
        "owner": "nix-systems",
        "repo": "default",
        "type": "github"
      }
    }
  },
  "root": "root",
  "version": 7
}
